
Microsoft Visual Studio Solution File, Format Version 12.00
# Visual Studio 2012
Project("{FAE04EC0-301F-11D3-BF4B-00C04F79EFBC}") = "Cyfrowy_Poeta_2000_serwer", "Cyfrowy_Poeta_2000_serwer\Cyfrowy_Poeta_2000_serwer.csproj", "{E68A378D-1BFC-4C00-91CE-6BD3FC320CAC}"
EndProject
Global
	GlobalSection(SolutionConfigurationPlatforms) = preSolution
		Debug|Any CPU = Debug|Any CPU
		Release|Any CPU = Release|Any CPU
	EndGlobalSection
	GlobalSection(ProjectConfigurationPlatforms) = postSolution
		{E68A378D-1BFC-4C00-91CE-6BD3FC320CAC}.Debug|Any CPU.ActiveCfg = Debug|Any CPU
		{E68A378D-1BFC-4C00-91CE-6BD3FC320CAC}.Debug|Any CPU.Build.0 = Debug|Any CPU
		{E68A378D-1BFC-4C00-91CE-6BD3FC320CAC}.Release|Any CPU.ActiveCfg = Release|Any CPU
		{E68A378D-1BFC-4C00-91CE-6BD3FC320CAC}.Release|Any CPU.Build.0 = Release|Any CPU
	EndGlobalSection
	GlobalSection(SolutionProperties) = preSolution
		HideSolutionNode = FALSE
	EndGlobalSection
EndGlobal
